
Microsoft Visual Studio Solution File, Format Version 12.00
# Visual Studio 15
Project("{FAE04EC0-301F-11D3-BF4B-00C04F79EFBC}") = "AW_Car", "AW_Car.csproj", "{67F1B3E2-46EA-CB5F-3352-C93B60F71639}"
EndProject
Project("{FAE04EC0-301F-11D3-BF4B-00C04F79EFBC}") = "AW_Car.Editor", "AW_Car.Editor.csproj", "{E9EA423A-AA3F-BD70-98F1-5084AECBA139}"
EndProject
Global
	GlobalSection(SolutionConfigurationPlatforms) = preSolution
		Debug|Any CPU = Debug|Any CPU
		Release|Any CPU = Release|Any CPU
	EndGlobalSection
	GlobalSection(ProjectConfigurationPlatforms) = postSolution
		{67F1B3E2-46EA-CB5F-3352-C93B60F71639}.Debug|Any CPU.ActiveCfg = Debug|Any CPU
		{67F1B3E2-46EA-CB5F-3352-C93B60F71639}.Debug|Any CPU.Build.0 = Debug|Any CPU
		{67F1B3E2-46EA-CB5F-3352-C93B60F71639}.Release|Any CPU.ActiveCfg = Release|Any CPU
		{67F1B3E2-46EA-CB5F-3352-C93B60F71639}.Release|Any CPU.Build.0 = Release|Any CPU
		{E9EA423A-AA3F-BD70-98F1-5084AECBA139}.Debug|Any CPU.ActiveCfg = Debug|Any CPU
		{E9EA423A-AA3F-BD70-98F1-5084AECBA139}.Debug|Any CPU.Build.0 = Debug|Any CPU
		{E9EA423A-AA3F-BD70-98F1-5084AECBA139}.Release|Any CPU.ActiveCfg = Release|Any CPU
		{E9EA423A-AA3F-BD70-98F1-5084AECBA139}.Release|Any CPU.Build.0 = Release|Any CPU
	EndGlobalSection
	GlobalSection(SolutionProperties) = preSolution
		HideSolutionNode = FALSE
	EndGlobalSection
EndGlobal
