
Microsoft Visual Studio Solution File, Format Version 12.00
# Visual Studio 15
Project("{FAE04EC0-301F-11D3-BF4B-00C04F79EFBC}") = "AW_Project", "AW_Project.csproj", "{250B42E9-DAFB-43BF-4FEC-F5C4097B6FA4}"
EndProject
Project("{FAE04EC0-301F-11D3-BF4B-00C04F79EFBC}") = "AW_Project.Editor", "AW_Project.Editor.csproj", "{4228CBD9-54C8-D753-E873-2892AF2FFD61}"
EndProject
Global
	GlobalSection(SolutionConfigurationPlatforms) = preSolution
		Debug|Any CPU = Debug|Any CPU
		Release|Any CPU = Release|Any CPU
	EndGlobalSection
	GlobalSection(ProjectConfigurationPlatforms) = postSolution
		{250B42E9-DAFB-43BF-4FEC-F5C4097B6FA4}.Debug|Any CPU.ActiveCfg = Debug|Any CPU
		{250B42E9-DAFB-43BF-4FEC-F5C4097B6FA4}.Debug|Any CPU.Build.0 = Debug|Any CPU
		{250B42E9-DAFB-43BF-4FEC-F5C4097B6FA4}.Release|Any CPU.ActiveCfg = Release|Any CPU
		{250B42E9-DAFB-43BF-4FEC-F5C4097B6FA4}.Release|Any CPU.Build.0 = Release|Any CPU
		{4228CBD9-54C8-D753-E873-2892AF2FFD61}.Debug|Any CPU.ActiveCfg = Debug|Any CPU
		{4228CBD9-54C8-D753-E873-2892AF2FFD61}.Debug|Any CPU.Build.0 = Debug|Any CPU
		{4228CBD9-54C8-D753-E873-2892AF2FFD61}.Release|Any CPU.ActiveCfg = Release|Any CPU
		{4228CBD9-54C8-D753-E873-2892AF2FFD61}.Release|Any CPU.Build.0 = Release|Any CPU
	EndGlobalSection
	GlobalSection(SolutionProperties) = preSolution
		HideSolutionNode = FALSE
	EndGlobalSection
EndGlobal
